{
  "requires": true,
  "lockfileVersion": 1,
  "dependencies": {
    "@types/node": {
      "version": "12.11.1",
      "resolved": "https://registry.npmjs.org/@types/node/-/node-12.11.1.tgz",
      "integrity": "sha512-TJtwsqZ39pqcljJpajeoofYRfeZ7/I/OMUQ5pR4q5wOKf2ocrUvBAZUMhWsOvKx3dVc/aaV5GluBivt0sWqA5A=="
    },
    "@types/nodemailer": {
      "version": "6.2.1",
      "resolved": "https://registry.npmjs.org/@types/nodemailer/-/nodemailer-6.2.1.tgz",
      "integrity": "sha512-6f46rxxaFwyOW39psPoQiM7jHjL7apDRNT5WPHIuv+TZFv+7sBGSI9J7blIC3/NWff4O9/VSzgoQtO6aPLUdvQ==",
      "requires": {
        "@types/node": "*"
      }
    }
  }
}
